version = 1
requires-python = ">=2.7, !=3.0, !=3.1, !=3.2, !=3.3, !=3.4"
resolution-markers = [
    "python_full_version >= '3.8'",
    "python_full_version == '3.7.*'",
    "python_full_version == '3.6.*'",
    "python_full_version < '3.6'",
]

[[package]]
name = "configparser"
version = "4.0.2"
source = { registry = "https://pypi.org/simple" }
sdist = { url = "https://files.pythonhosted.org/packages/16/4f/48975536bd488d3a272549eb795ac4a13a5f7fcdc8995def77fbef3532ee/configparser-4.0.2.tar.gz", hash = "sha256:c7d282687a5308319bf3d2e7706e575c635b0a470342641c93bea0ea3b5331df", size = 72498 }
wheels = [
    { url = "https://files.pythonhosted.org/packages/7a/2a/95ed0501cf5d8709490b1d3a3f9b5cf340da6c433f896bbe9ce08dbe6785/configparser-4.0.2-py2.py3-none-any.whl", hash = "sha256:254c1d9c79f60c45dfde850850883d5aaa7f19a23f13561243a050d5a7c3fe4c", size = 22828 },
]

[[package]]
name = "contextlib2"
version = "0.6.0.post1"
source = { registry = "https://pypi.org/simple" }
sdist = { url = "https://files.pythonhosted.org/packages/02/54/669207eb72e3d8ae8b38aa1f0703ee87a0e9f88f30d3c0a47bebdb6de242/contextlib2-0.6.0.post1.tar.gz", hash = "sha256:01f490098c18b19d2bd5bb5dc445b2054d2fa97f09a4280ba2c5f3c394c8162e", size = 29670 }
wheels = [
    { url = "https://files.pythonhosted.org/packages/85/60/370352f7ef6aa96c52fb001831622f50f923c1d575427d021b8ab3311236/contextlib2-0.6.0.post1-py2.py3-none-any.whl", hash = "sha256:3355078a159fbb44ee60ea80abd0d87b80b78c248643b49aa6d94673b413609b", size = 9770 },
]

[[package]]
name = "distlib"
version = "0.3.9"
source = { registry = "https://pypi.org/simple" }
sdist = { url = "https://files.pythonhosted.org/packages/0d/dd/1bec4c5ddb504ca60fc29472f3d27e8d4da1257a854e1d96742f15c1d02d/distlib-0.3.9.tar.gz", hash = "sha256:a60f20dea646b8a33f3e7772f74dc0b2d0772d2837ee1342a00645c81edf9403", size = 613923 }
wheels = [
    { url = "https://files.pythonhosted.org/packages/91/a1/cf2472db20f7ce4a6be1253a81cfdf85ad9c7885ffbed7047fb72c24cf87/distlib-0.3.9-py2.py3-none-any.whl", hash = "sha256:47f8c22fd27c27e25a65601af709b38e4f0a45ea4fc2e710f65755fa8caaaf87", size = 468973 },
]

[[package]]
name = "filelock"
version = "3.2.1"
source = { registry = "https://pypi.org/simple" }
resolution-markers = [
    "python_full_version < '3.6'",
]
sdist = { url = "https://files.pythonhosted.org/packages/40/8b/94990052eb2165c3e8bd803f523d12c675616db48944ce18c22857ee8a4f/filelock-3.2.1.tar.gz", hash = "sha256:9cdd29c411ab196cf4c35a1da684f7b9da723696cb356efa45bf5eb1ff313ee3", size = 202950 }
wheels = [
    { url = "https://files.pythonhosted.org/packages/f1/12/585c4d8bef61cd7f9497a021d935ba9fb3127f5e45593c2fcc313897f582/filelock-3.2.1-py2.py3-none-any.whl", hash = "sha256:7f07b08d731907441ff40d0c5b81f9512cd968842e0b6264c8bd18a8ce877760", size = 9271 },
]

[[package]]
name = "filelock"
version = "3.4.1"
source = { registry = "https://pypi.org/simple" }
resolution-markers = [
    "python_full_version == '3.6.*'",
]
sdist = { url = "https://files.pythonhosted.org/packages/d9/38/9df45cc0be41e596be759d952711d0e540f149019d18f747ec2ade7c8807/filelock-3.4.1.tar.gz", hash = "sha256:0f12f552b42b5bf60dba233710bf71337d35494fc8bdd4fd6d9f6d082ad45e06", size = 206768 }
wheels = [
    { url = "https://files.pythonhosted.org/packages/84/ce/8916d10ef537f3f3b046843255f9799504aa41862bfa87844b9bdc5361cd/filelock-3.4.1-py3-none-any.whl", hash = "sha256:a4bc51381e01502a30e9f06dd4fa19a1712eab852b6fb0f84fd7cce0793d8ca3", size = 9852 },
]

[[package]]
name = "filelock"
version = "3.12.2"
source = { registry = "https://pypi.org/simple" }
resolution-markers = [
    "python_full_version == '3.7.*'",
]
sdist = { url = "https://files.pythonhosted.org/packages/00/0b/c506e9e44e4c4b6c89fcecda23dc115bf8e7ff7eb127e0cb9c114cbc9a15/filelock-3.12.2.tar.gz", hash = "sha256:002740518d8aa59a26b0c76e10fb8c6e15eae825d34b6fdf670333fd7b938d81", size = 12441 }
wheels = [
    { url = "https://files.pythonhosted.org/packages/00/45/ec3407adf6f6b5bf867a4462b2b0af27597a26bd3cd6e2534cb6ab029938/filelock-3.12.2-py3-none-any.whl", hash = "sha256:cbb791cdea2a72f23da6ac5b5269ab0a0d161e9ef0100e653b69049a7706d1ec", size = 10923 },
]

[[package]]
name = "filelock"
version = "3.16.1"
source = { registry = "https://pypi.org/simple" }
resolution-markers = [
    "python_full_version >= '3.8'",
]
sdist = { url = "https://files.pythonhosted.org/packages/9d/db/3ef5bb276dae18d6ec2124224403d1d67bccdbefc17af4cc8f553e341ab1/filelock-3.16.1.tar.gz", hash = "sha256:c249fbfcd5db47e5e2d6d62198e565475ee65e4831e2561c8e313fa7eb961435", size = 18037 }
wheels = [
    { url = "https://files.pythonhosted.org/packages/b9/f8/feced7779d755758a52d1f6635d990b8d98dc0a29fa568bbe0625f18fdf3/filelock-3.16.1-py3-none-any.whl", hash = "sha256:2082e5703d51fbf98ea75855d9d5527e33d8ff23099bec374a134febee6946b0", size = 16163 },
]

[[package]]
name = "importlib-metadata"
version = "2.1.3"
source = { registry = "https://pypi.org/simple" }
resolution-markers = [
    "python_full_version < '3.6'",
]
dependencies = [
    { name = "configparser", marker = "python_full_version < '3'" },
    { name = "contextlib2", marker = "python_full_version < '3'" },
    { name = "pathlib2", marker = "python_full_version < '3'" },
    { name = "zipp", version = "1.2.0", source = { registry = "https://pypi.org/simple" }, marker = "python_full_version < '3.6'" },
]
sdist = { url = "https://files.pythonhosted.org/packages/4c/d8/af92ca59b33366b3b9d230d17772d728d7b064f3de6d6150332d5fa8dae3/importlib_metadata-2.1.3.tar.gz", hash = "sha256:02a9f62b02e9b1cc43871809ef99947e8f5d94771392d666ada2cafc4cd09d4f", size = 30408 }
wheels = [
    { url = "https://files.pythonhosted.org/packages/cf/b4/877779cd7b5a15536ecbe0655cfb35a0de0ede6d888151fd7356d278c47d/importlib_metadata-2.1.3-py2.py3-none-any.whl", hash = "sha256:52e65a0856f9ba7ea8f2c4ced253fb6c88d1a8c352cb1e916cff4eb17d5a693d", size = 10211 },
]

[[package]]
name = "importlib-metadata"
version = "4.8.3"
source = { registry = "https://pypi.org/simple" }
resolution-markers = [
    "python_full_version == '3.6.*'",
]
dependencies = [
    { name = "typing-extensions", version = "4.1.1", source = { registry = "https://pypi.org/simple" }, marker = "python_full_version == '3.6.*'" },
    { name = "zipp", version = "3.6.0", source = { registry = "https://pypi.org/simple" }, marker = "python_full_version == '3.6.*'" },
]
sdist = { url = "https://files.pythonhosted.org/packages/85/ed/e65128cc5cb1580f22ee3009d9187ecdfcc43ffb3b581fe854b24e87d8e7/importlib_metadata-4.8.3.tar.gz", hash = "sha256:766abffff765960fcc18003801f7044eb6755ffae4521c8e8ce8e83b9c9b0668", size = 41979 }
wheels = [
    { url = "https://files.pythonhosted.org/packages/a0/a1/b153a0a4caf7a7e3f15c2cd56c7702e2cf3d89b1b359d1f1c5e59d68f4ce/importlib_metadata-4.8.3-py3-none-any.whl", hash = "sha256:65a9576a5b2d58ca44d133c42a241905cc45e34d2c06fd5ba2bafa221e5d7b5e", size = 17978 },
]

[[package]]
name = "importlib-metadata"
version = "6.7.0"
source = { registry = "https://pypi.org/simple" }
resolution-markers = [
    "python_full_version == '3.7.*'",
]
dependencies = [
    { name = "typing-extensions", version = "4.7.1", source = { registry = "https://pypi.org/simple" }, marker = "python_full_version == '3.7.*'" },
    { name = "zipp", version = "3.15.0", source = { registry = "https://pypi.org/simple" }, marker = "python_full_version == '3.7.*'" },
]
sdist = { url = "https://files.pythonhosted.org/packages/a3/82/f6e29c8d5c098b6be61460371c2c5591f4a335923639edec43b3830650a4/importlib_metadata-6.7.0.tar.gz", hash = "sha256:1aaf550d4f73e5d6783e7acb77aec43d49da8017410afae93822cc9cca98c4d4", size = 53569 }
wheels = [
    { url = "https://files.pythonhosted.org/packages/ff/94/64287b38c7de4c90683630338cf28f129decbba0a44f0c6db35a873c73c4/importlib_metadata-6.7.0-py3-none-any.whl", hash = "sha256:cb52082e659e97afc5dac71e79de97d8681de3aa07ff18578330904a9d18e5b5", size = 22934 },
]

[[package]]
name = "importlib-resources"
version = "3.3.1"
source = { registry = "https://pypi.org/simple" }
resolution-markers = [
    "python_full_version < '3.6'",
]
dependencies = [
    { name = "contextlib2", marker = "python_full_version < '3'" },
    { name = "pathlib2", marker = "python_full_version < '3'" },
    { name = "singledispatch", marker = "python_full_version < '3.4'" },
    { name = "typing", marker = "python_full_version < '3.5'" },
    { name = "zipp", version = "1.2.0", source = { registry = "https://pypi.org/simple" }, marker = "python_full_version < '3.6'" },
]
sdist = { url = "https://files.pythonhosted.org/packages/e1/bf/b40e6ecb611fa3be5b0ecae7b37ae1fa0d8df3146477ec0a554e8f62c976/importlib_resources-3.3.1.tar.gz", hash = "sha256:0ed250dbd291947d1a298e89f39afcc477d5a6624770503034b72588601bcc05", size = 29012 }
wheels = [
    { url = "https://files.pythonhosted.org/packages/8d/94/2f6ceee0c4e63bff0177c07e68d27c937a19f6bc77c4739755b49f5adb04/importlib_resources-3.3.1-py2.py3-none-any.whl", hash = "sha256:42068585cc5e8c2bf0a17449817401102a5125cbfbb26bb0f43cde1568f6f2df", size = 26152 },
]

[[package]]
name = "importlib-resources"
version = "5.4.0"
source = { registry = "https://pypi.org/simple" }
resolution-markers = [
    "python_full_version == '3.6.*'",
]
dependencies = [
    { name = "zipp", version = "3.6.0", source = { registry = "https://pypi.org/simple" }, marker = "python_full_version == '3.6.*'" },
]
sdist = { url = "https://files.pythonhosted.org/packages/b5/d8/51ace1c1ea6609c01c7f46ca2978e11821aa0efaaa7516002ef6df000731/importlib_resources-5.4.0.tar.gz", hash = "sha256:d756e2f85dd4de2ba89be0b21dba2a3bbec2e871a42a3a16719258a11f87506b", size = 30554 }
wheels = [
    { url = "https://files.pythonhosted.org/packages/24/1b/33e489669a94da3ef4562938cd306e8fa915e13939d7b8277cb5569cb405/importlib_resources-5.4.0-py3-none-any.whl", hash = "sha256:33a95faed5fc19b4bc16b29a6eeae248a3fe69dd55d4d229d2b480e23eeaad45", size = 28066 },
]

[[package]]
name = "pathlib2"
version = "2.3.7.post1"
source = { registry = "https://pypi.org/simple" }
dependencies = [
    { name = "scandir", marker = "python_full_version < '3.5'" },
    { name = "six", marker = "python_full_version < '3.6'" },
    { name = "typing", marker = "python_full_version < '3.5'" },
]
sdist = { url = "https://files.pythonhosted.org/packages/31/51/99caf463dc7c18eb18dad1fffe465a3cf3ee50ac3d1dccbd1781336fe9c7/pathlib2-2.3.7.post1.tar.gz", hash = "sha256:9fe0edad898b83c0c3e199c842b27ed216645d2e177757b2dd67384d4113c641", size = 211190 }
wheels = [
    { url = "https://files.pythonhosted.org/packages/09/eb/4af4bcd5b8731366b676192675221c5324394a580dfae469d498313b5c4a/pathlib2-2.3.7.post1-py2.py3-none-any.whl", hash = "sha256:5266a0fd000452f1b3467d782f079a4343c63aaa119221fbdc4e39577489ca5b", size = 18027 },
]

[[package]]
name = "platformdirs"
version = "2.0.2"
source = { registry = "https://pypi.org/simple" }
resolution-markers = [
    "python_full_version < '3.6'",
]
sdist = { url = "https://files.pythonhosted.org/packages/c1/03/1dcc356abdfbe22bec1194852b02ed809c8bdf91e416b26f17f485c62984/platformdirs-2.0.2.tar.gz", hash = "sha256:3b00d081227d9037bbbca521a5787796b5ef5000faea1e43fd76f1d44b06fcfa", size = 11445 }
wheels = [
    { url = "https://files.pythonhosted.org/packages/12/57/f4e6d433fba8bde239baa65f626a31fc6d0556a2065fcc81aaa0f4f1507b/platformdirs-2.0.2-py2.py3-none-any.whl", hash = "sha256:0b9547541f599d3d242078ae60b927b3e453f0ad52f58b4d4bc3be86aed3ec41", size = 10416 },
]

[[package]]
name = "platformdirs"
version = "2.4.0"
source = { registry = "https://pypi.org/simple" }
resolution-markers = [
    "python_full_version == '3.6.*'",
]
sdist = { url = "https://files.pythonhosted.org/packages/4b/96/d70b9462671fbeaacba4639ff866fb4e9e558580853fc5d6e698d0371ad4/platformdirs-2.4.0.tar.gz", hash = "sha256:367a5e80b3d04d2428ffa76d33f124cf11e8fff2acdaa9b43d545f5c7d661ef2", size = 24051 }
wheels = [
    { url = "https://files.pythonhosted.org/packages/b1/78/dcfd84d3aabd46a9c77260fb47ea5d244806e4daef83aa6fe5d83adb182c/platformdirs-2.4.0-py3-none-any.whl", hash = "sha256:8868bbe3c3c80d42f20156f22e7131d2fb321f5bc86a2a345375c6481a67021d", size = 14400 },
]

[[package]]
name = "platformdirs"
version = "4.0.0"
source = { registry = "https://pypi.org/simple" }
resolution-markers = [
    "python_full_version == '3.7.*'",
]
dependencies = [
    { name = "typing-extensions", version = "4.7.1", source = { registry = "https://pypi.org/simple" }, marker = "python_full_version == '3.7.*'" },
]
sdist = { url = "https://files.pythonhosted.org/packages/31/28/e40d24d2e2eb23135f8533ad33d582359c7825623b1e022f9d460def7c05/platformdirs-4.0.0.tar.gz", hash = "sha256:cb633b2bcf10c51af60beb0ab06d2f1d69064b43abf4c185ca6b28865f3f9731", size = 19914 }
wheels = [
    { url = "https://files.pythonhosted.org/packages/31/16/70be3b725073035aa5fc3229321d06e22e73e3e09f6af78dcfdf16c7636c/platformdirs-4.0.0-py3-none-any.whl", hash = "sha256:118c954d7e949b35437270383a3f2531e99dd93cf7ce4dc8340d3356d30f173b", size = 17562 },
]

[[package]]
name = "platformdirs"
version = "4.3.6"
source = { registry = "https://pypi.org/simple" }
resolution-markers = [
    "python_full_version >= '3.8'",
]
sdist = { url = "https://files.pythonhosted.org/packages/13/fc/128cc9cb8f03208bdbf93d3aa862e16d376844a14f9a0ce5cf4507372de4/platformdirs-4.3.6.tar.gz", hash = "sha256:357fb2acbc885b0419afd3ce3ed34564c13c9b95c89360cd9563f73aa5e2b907", size = 21302 }
wheels = [
    { url = "https://files.pythonhosted.org/packages/3c/a6/bc1012356d8ece4d66dd75c4b9fc6c1f6650ddd5991e421177d9f8f671be/platformdirs-4.3.6-py3-none-any.whl", hash = "sha256:73e575e1408ab8103900836b97580d5307456908a03e92031bab39e4554cc3fb", size = 18439 },
]

[[package]]
name = "scandir"
version = "1.10.0"
source = { registry = "https://pypi.org/simple" }
sdist = { url = "https://files.pythonhosted.org/packages/df/f5/9c052db7bd54d0cbf1bc0bb6554362bba1012d03e5888950a4f5c5dadc4e/scandir-1.10.0.tar.gz", hash = "sha256:4d4631f6062e658e9007ab3149a9b914f3548cb38bfb021c64f39a025ce578ae", size = 33311 }
wheels = [
    { url = "https://files.pythonhosted.org/packages/04/86/417b435bd94a4e0176c10acea5b866a47a045848a346c6930fc846b2f016/scandir-1.10.0-cp34-cp34m-win32.whl", hash = "sha256:2c712840c2e2ee8dfaf36034080108d30060d759c7b73a01a52251cc8989f11f", size = 20152 },
    { url = "https://files.pythonhosted.org/packages/77/3a/7f6111552b4736a08a72c37d6b8852cf77c02042a3124a8806f67008ad45/scandir-1.10.0-cp34-cp34m-win_amd64.whl", hash = "sha256:2586c94e907d99617887daed6c1d102b5ca28f1085f90446554abf1faf73123e", size = 20497 },
    { url = "https://files.pythonhosted.org/packages/cd/a1/d5c3e22090ebead6d24abbe0f85641f002db44316c0a422d68d2fa258a8c/scandir-1.10.0-cp35-cp35m-win32.whl", hash = "sha256:2b8e3888b11abb2217a32af0766bc06b65cc4a928d8727828ee68af5a967fa6f", size = 22110 },
    { url = "https://files.pythonhosted.org/packages/b7/5d/c0dc3933bd79fdca4780f84fffb2291672f3db8f0093c5d2ce629b7cb656/scandir-1.10.0-cp35-cp35m-win_amd64.whl", hash = "sha256:8c5922863e44ffc00c5c693190648daa6d15e7c1207ed02d6f46a8dcc2869d32", size = 22845 },
    { url = "https://files.pythonhosted.org/packages/25/c5/257e7f38127de5221a57e6afd0eb6ad0a85412c92644bf8265f20085b22a/scandir-1.10.0-cp36-cp36m-win32.whl", hash = "sha256:2ae41f43797ca0c11591c0c35f2f5875fa99f8797cb1a1fd440497ec0ae4b022", size = 22111 },
    { url = "https://files.pythonhosted.org/packages/a0/c3/8b8244553f4cf8682825e46d264f0bf3b8f7a51c9ba4745c8aa9182da4e5/scandir-1.10.0-cp36-cp36m-win_amd64.whl", hash = "sha256:7d2d7a06a252764061a020407b997dd036f7bd6a175a5ba2b345f0a357f0b3f4", size = 22847 },
    { url = "https://files.pythonhosted.org/packages/9b/47/4bf2941582c731b0c3a7aee7a3129063fe7dad5382cd662f3766dac619b2/scandir-1.10.0-cp37-cp37m-win32.whl", hash = "sha256:67f15b6f83e6507fdc6fca22fedf6ef8b334b399ca27c6b568cbfaa82a364173", size = 22109 },
    { url = "https://files.pythonhosted.org/packages/cb/06/cee31a831784ae66073fff7df58f823a1f6bc3947dc48a76f877b17eb52b/scandir-1.10.0-cp37-cp37m-win_amd64.whl", hash = "sha256:b24086f2375c4a094a6b51e78b4cf7ca16c721dcee2eddd7aa6494b42d6d519d", size = 22842 },
]

[[package]]
name = "singledispatch"
version = "3.7.0"
source = { registry = "https://pypi.org/simple" }
dependencies = [
    { name = "six", marker = "python_full_version < '3.6'" },
]
sdist = { url = "https://files.pythonhosted.org/packages/18/56/db18b37e2e310dfc6e0903e36f40d63c01d443455e7f566ccc96c55e8267/singledispatch-3.7.0.tar.gz", hash = "sha256:c1a4d5c1da310c3fd8fccfb8d4e1cb7df076148fd5d858a819e37fffe44f3092", size = 18013 }
wheels = [
    { url = "https://files.pythonhosted.org/packages/3f/09/2a17c6505a8373229cb3de6161e3af74ff90afcf4516719aa6cf32fad151/singledispatch-3.7.0-py2.py3-none-any.whl", hash = "sha256:bc77afa97c8a22596d6d4fc20f1b7bdd2b86edc2a65a4262bdd7cc3cc19aa989", size = 9216 },
]

[[package]]
name = "six"
version = "1.17.0"
source = { registry = "https://pypi.org/simple" }
sdist = { url = "https://files.pythonhosted.org/packages/94/e7/b2c673351809dca68a0e064b6af791aa332cf192da575fd474ed7d6f16a2/six-1.17.0.tar.gz", hash = "sha256:ff70335d468e7eb6ec65b95b99d3a2836546063f63acc5171de367e834932a81", size = 34031 }
wheels = [
    { url = "https://files.pythonhosted.org/packages/b7/ce/149a00dd41f10bc29e5921b496af8b574d8413afcd5e30dfa0ed46c2cc5e/six-1.17.0-py2.py3-none-any.whl", hash = "sha256:4721f391ed90541fddacab5acf947aa0d3dc7d27b2e1e8eda2be8970586c3274", size = 11050 },
]

[[package]]
name = "typing"
version = "3.10.0.0"
source = { registry = "https://pypi.org/simple" }
sdist = { url = "https://files.pythonhosted.org/packages/b0/1b/835d4431805939d2996f8772aca1d2313a57e8860fec0e48e8e7dfe3a477/typing-3.10.0.0.tar.gz", hash = "sha256:13b4ad211f54ddbf93e5901a9967b1e07720c1d1b78d596ac6a439641aa1b130", size = 78962 }
wheels = [
    { url = "https://files.pythonhosted.org/packages/f2/5d/865e17349564eb1772688d8afc5e3081a5964c640d64d1d2880ebaed002d/typing-3.10.0.0-py3-none-any.whl", hash = "sha256:12fbdfbe7d6cca1a42e485229afcb0b0c8259258cfb919b8a5e2a5c953742f89", size = 26320 },
]

[[package]]
name = "typing-extensions"
version = "4.1.1"
source = { registry = "https://pypi.org/simple" }
resolution-markers = [
    "python_full_version == '3.6.*'",
]
sdist = { url = "https://files.pythonhosted.org/packages/b1/5a/8b5fbb891ef3f81fc923bf3cb4a578c0abf9471eb50ce0f51c74212182ab/typing_extensions-4.1.1.tar.gz", hash = "sha256:1a9462dcc3347a79b1f1c0271fbe79e844580bb598bafa1ed208b94da3cdcd42", size = 26694 }
wheels = [
    { url = "https://files.pythonhosted.org/packages/45/6b/44f7f8f1e110027cf88956b59f2fad776cca7e1704396d043f89effd3a0e/typing_extensions-4.1.1-py3-none-any.whl", hash = "sha256:21c85e0fe4b9a155d0799430b0ad741cdce7e359660ccbd8b530613e8df88ce2", size = 26844 },
]

[[package]]
name = "typing-extensions"
version = "4.7.1"
source = { registry = "https://pypi.org/simple" }
resolution-markers = [
    "python_full_version == '3.7.*'",
]
sdist = { url = "https://files.pythonhosted.org/packages/3c/8b/0111dd7d6c1478bf83baa1cab85c686426c7a6274119aceb2bd9d35395ad/typing_extensions-4.7.1.tar.gz", hash = "sha256:b75ddc264f0ba5615db7ba217daeb99701ad295353c45f9e95963337ceeeffb2", size = 72876 }
wheels = [
    { url = "https://files.pythonhosted.org/packages/ec/6b/63cc3df74987c36fe26157ee12e09e8f9db4de771e0f3404263117e75b95/typing_extensions-4.7.1-py3-none-any.whl", hash = "sha256:440d5dd3af93b060174bf433bccd69b0babc3b15b1a8dca43789fd7f61514b36", size = 33232 },
]

[[package]]
name = "virtualenv"
version = "20.15.1"
source = { registry = "https://pypi.org/simple" }
resolution-markers = [
    "python_full_version < '3.6'",
]
dependencies = [
    { name = "distlib", marker = "python_full_version < '3.6'" },
    { name = "filelock", version = "3.2.1", source = { registry = "https://pypi.org/simple" }, marker = "python_full_version < '3.6'" },
    { name = "importlib-metadata", version = "2.1.3", source = { registry = "https://pypi.org/simple" }, marker = "python_full_version < '3.6'" },
    { name = "importlib-resources", version = "3.3.1", source = { registry = "https://pypi.org/simple" }, marker = "python_full_version < '3.6'" },
    { name = "pathlib2", marker = "python_full_version < '3.4' and sys_platform != 'win32'" },
    { name = "platformdirs", version = "2.0.2", source = { registry = "https://pypi.org/simple" }, marker = "python_full_version < '3.6'" },
    { name = "six", marker = "python_full_version < '3.6'" },
]
sdist = { url = "https://files.pythonhosted.org/packages/a4/2f/05b77cb73501c01963de2cef343839f0803b64aab4d5476771ae303b97a6/virtualenv-20.15.1.tar.gz", hash = "sha256:288171134a2ff3bfb1a2f54f119e77cd1b81c29fc1265a2356f3e8d14c7d58c4", size = 13523736 }
wheels = [
    { url = "https://files.pythonhosted.org/packages/6f/43/df7c7b1b7a5ac4e41fac24c3682c1cc32f2c1d683d308bba2500338d1e3e/virtualenv-20.15.1-py2.py3-none-any.whl", hash = "sha256:b30aefac647e86af6d82bfc944c556f8f1a9c90427b2fb4e3bfbf338cb82becf", size = 10109999 },
]

[[package]]
name = "virtualenv"
version = "20.17.1"
source = { registry = "https://pypi.org/simple" }
resolution-markers = [
    "python_full_version == '3.6.*'",
]
dependencies = [
    { name = "distlib", marker = "python_full_version == '3.6.*'" },
    { name = "filelock", version = "3.4.1", source = { registry = "https://pypi.org/simple" }, marker = "python_full_version == '3.6.*'" },
    { name = "importlib-metadata", version = "4.8.3", source = { registry = "https://pypi.org/simple" }, marker = "python_full_version == '3.6.*'" },
    { name = "importlib-resources", version = "5.4.0", source = { registry = "https://pypi.org/simple" }, marker = "python_full_version == '3.6.*'" },
    { name = "platformdirs", version = "2.4.0", source = { registry = "https://pypi.org/simple" }, marker = "python_full_version == '3.6.*'" },
]
sdist = { url = "https://files.pythonhosted.org/packages/7b/19/65f13cff26c8cc11fdfcb0499cd8f13388dd7b35a79a376755f152b42d86/virtualenv-20.17.1.tar.gz", hash = "sha256:f8b927684efc6f1cc206c9db297a570ab9ad0e51c16fa9e45487d36d1905c058", size = 12269737 }
wheels = [
    { url = "https://files.pythonhosted.org/packages/18/a2/7931d40ecb02b5236a34ac53770f2f6931e3082b7a7dafe915d892d749d6/virtualenv-20.17.1-py3-none-any.whl", hash = "sha256:ce3b1684d6e1a20a3e5ed36795a97dfc6af29bc3970ca8dab93e11ac6094b3c4", size = 8849334 },
]

[[package]]
name = "virtualenv"
version = "20.26.6"
source = { registry = "https://pypi.org/simple" }
resolution-markers = [
    "python_full_version == '3.7.*'",
]
dependencies = [
    { name = "distlib", marker = "python_full_version == '3.7.*'" },
    { name = "filelock", version = "3.12.2", source = { registry = "https://pypi.org/simple" }, marker = "python_full_version == '3.7.*'" },
    { name = "importlib-metadata", version = "6.7.0", source = { registry = "https://pypi.org/simple" }, marker = "python_full_version == '3.7.*'" },
    { name = "platformdirs", version = "4.0.0", source = { registry = "https://pypi.org/simple" }, marker = "python_full_version == '3.7.*'" },
]
sdist = { url = "https://files.pythonhosted.org/packages/3f/40/abc5a766da6b0b2457f819feab8e9203cbeae29327bd241359f866a3da9d/virtualenv-20.26.6.tar.gz", hash = "sha256:280aede09a2a5c317e409a00102e7077c6432c5a38f0ef938e643805a7ad2c48", size = 9372482 }
wheels = [
    { url = "https://files.pythonhosted.org/packages/59/90/57b8ac0c8a231545adc7698c64c5a36fa7cd8e376c691b9bde877269f2eb/virtualenv-20.26.6-py3-none-any.whl", hash = "sha256:7345cc5b25405607a624d8418154577459c3e0277f5466dd79c49d5e492995f2", size = 5999862 },
]

[[package]]
name = "virtualenv"
version = "20.28.1"
source = { registry = "https://pypi.org/simple" }
resolution-markers = [
    "python_full_version >= '3.8'",
]
dependencies = [
    { name = "distlib", marker = "python_full_version >= '3.8'" },
    { name = "filelock", version = "3.16.1", source = { registry = "https://pypi.org/simple" }, marker = "python_full_version >= '3.8'" },
    { name = "platformdirs", version = "4.3.6", source = { registry = "https://pypi.org/simple" }, marker = "python_full_version >= '3.8'" },
]
sdist = { url = "https://files.pythonhosted.org/packages/50/39/689abee4adc85aad2af8174bb195a819d0be064bf55fcc73b49d2b28ae77/virtualenv-20.28.1.tar.gz", hash = "sha256:5d34ab240fdb5d21549b76f9e8ff3af28252f5499fb6d6f031adac4e5a8c5329", size = 7650532 }
wheels = [
    { url = "https://files.pythonhosted.org/packages/51/8f/dfb257ca6b4e27cb990f1631142361e4712badab8e3ca8dc134d96111515/virtualenv-20.28.1-py3-none-any.whl", hash = "sha256:412773c85d4dab0409b83ec36f7a6499e72eaf08c80e81e9576bca61831c71cb", size = 4276719 },
]

[[package]]
name = "virtualenv-multipython"
version = "0.1.2"
source = { editable = "." }
dependencies = [
    { name = "virtualenv", version = "20.15.1", source = { registry = "https://pypi.org/simple" }, marker = "python_full_version < '3.6'" },
    { name = "virtualenv", version = "20.17.1", source = { registry = "https://pypi.org/simple" }, marker = "python_full_version == '3.6.*'" },
    { name = "virtualenv", version = "20.26.6", source = { registry = "https://pypi.org/simple" }, marker = "python_full_version == '3.7.*'" },
    { name = "virtualenv", version = "20.28.1", source = { registry = "https://pypi.org/simple" }, marker = "python_full_version >= '3.8'" },
]

[package.metadata]
requires-dist = [{ name = "virtualenv" }]

[[package]]
name = "zipp"
version = "1.2.0"
source = { registry = "https://pypi.org/simple" }
resolution-markers = [
    "python_full_version < '3.6'",
]
dependencies = [
    { name = "contextlib2", marker = "python_full_version < '3.4'" },
]
sdist = { url = "https://files.pythonhosted.org/packages/78/08/d52f0ea643bc1068d6dc98b412f4966a9b63255d20911a23ac3220c033c4/zipp-1.2.0.tar.gz", hash = "sha256:c70410551488251b0fee67b460fb9a536af8d6f9f008ad10ac51f615b6a521b1", size = 13357 }
wheels = [
    { url = "https://files.pythonhosted.org/packages/96/0a/67556e9b7782df7118c1f49bdc494da5e5e429c93aa77965f33e81287c8c/zipp-1.2.0-py2.py3-none-any.whl", hash = "sha256:e0d9e63797e483a30d27e09fffd308c59a700d365ec34e93cc100844168bf921", size = 4821 },
]

[[package]]
name = "zipp"
version = "3.6.0"
source = { registry = "https://pypi.org/simple" }
resolution-markers = [
    "python_full_version == '3.6.*'",
]
sdist = { url = "https://files.pythonhosted.org/packages/02/bf/0d03dbdedb83afec081fefe86cae3a2447250ef1a81ac601a9a56e785401/zipp-3.6.0.tar.gz", hash = "sha256:71c644c5369f4a6e07636f0aa966270449561fcea2e3d6747b8d23efaa9d7832", size = 13047 }
wheels = [
    { url = "https://files.pythonhosted.org/packages/bd/df/d4a4974a3e3957fd1c1fa3082366d7fff6e428ddb55f074bf64876f8e8ad/zipp-3.6.0-py3-none-any.whl", hash = "sha256:9fe5ea21568a0a70e50f273397638d39b03353731e6cbbb3fd8502a33fec40bc", size = 5313 },
]

[[package]]
name = "zipp"
version = "3.15.0"
source = { registry = "https://pypi.org/simple" }
resolution-markers = [
    "python_full_version == '3.7.*'",
]
sdist = { url = "https://files.pythonhosted.org/packages/00/27/f0ac6b846684cecce1ee93d32450c45ab607f65c2e0255f0092032d91f07/zipp-3.15.0.tar.gz", hash = "sha256:112929ad649da941c23de50f356a2b5570c954b65150642bccdd66bf194d224b", size = 18454 }
wheels = [
    { url = "https://files.pythonhosted.org/packages/5b/fa/c9e82bbe1af6266adf08afb563905eb87cab83fde00a0a08963510621047/zipp-3.15.0-py3-none-any.whl", hash = "sha256:48904fc76a60e542af151aded95726c1a5c34ed43ab4134b597665c86d7ad556", size = 6758 },
]
